
Microsoft Visual Studio Solution File, Format Version 12.00
# Visual Studio Version 16
VisualStudioVersion = 16.0.32630.194
MinimumVisualStudioVersion = 10.0.40219.1
Project("{FAE04EC0-301F-11D3-BF4B-00C04F79EFBC}") = "Supermarket Tesiranje", "Supermarket Tesiranje\Supermarket Tesiranje.csproj", "{89D6F204-D65C-4B56-A569-659D656144D0}"
EndProject
Global
	GlobalSection(SolutionConfigurationPlatforms) = preSolution
		Debug|Any CPU = Debug|Any CPU
		Release|Any CPU = Release|Any CPU
	EndGlobalSection
	GlobalSection(ProjectConfigurationPlatforms) = postSolution
		{89D6F204-D65C-4B56-A569-659D656144D0}.Debug|Any CPU.ActiveCfg = Debug|Any CPU
		{89D6F204-D65C-4B56-A569-659D656144D0}.Debug|Any CPU.Build.0 = Debug|Any CPU
		{89D6F204-D65C-4B56-A569-659D656144D0}.Release|Any CPU.ActiveCfg = Release|Any CPU
		{89D6F204-D65C-4B56-A569-659D656144D0}.Release|Any CPU.Build.0 = Release|Any CPU
	EndGlobalSection
	GlobalSection(SolutionProperties) = preSolution
		HideSolutionNode = FALSE
	EndGlobalSection
	GlobalSection(ExtensibilityGlobals) = postSolution
		SolutionGuid = {4F33A50F-5AB3-4C87-BE2A-0E1FE1393607}
	EndGlobalSection
EndGlobal
